
Microsoft Visual Studio Solution File, Format Version 12.00
# Visual Studio Version 17
VisualStudioVersion = 17.5.33530.505
MinimumVisualStudioVersion = 10.0.40219.1
Project("{9A19103F-16F7-4668-BE54-9A1E7A4F7556}") = "Store_App", "Store_App\Store_App.csproj", "{C53CF5CF-0E97-46A4-8E41-20002473E5CE}"
EndProject
Global
	GlobalSection(SolutionConfigurationPlatforms) = preSolution
		Debug|Any CPU = Debug|Any CPU
		Release|Any CPU = Release|Any CPU
	EndGlobalSection
	GlobalSection(ProjectConfigurationPlatforms) = postSolution
		{C53CF5CF-0E97-46A4-8E41-20002473E5CE}.Debug|Any CPU.ActiveCfg = Debug|Any CPU
		{C53CF5CF-0E97-46A4-8E41-20002473E5CE}.Debug|Any CPU.Build.0 = Debug|Any CPU
		{C53CF5CF-0E97-46A4-8E41-20002473E5CE}.Release|Any CPU.ActiveCfg = Release|Any CPU
		{C53CF5CF-0E97-46A4-8E41-20002473E5CE}.Release|Any CPU.Build.0 = Release|Any CPU
	EndGlobalSection
	GlobalSection(SolutionProperties) = preSolution
		HideSolutionNode = FALSE
	EndGlobalSection
	GlobalSection(ExtensibilityGlobals) = postSolution
		SolutionGuid = {1BD4DE04-B89F-4440-BD61-DE0D2E2FEA02}
	EndGlobalSection
EndGlobal
